
Microsoft Visual Studio Solution File, Format Version 12.00
# Visual Studio Version 17
VisualStudioVersion = 17.7.34024.191
MinimumVisualStudioVersion = 10.0.40219.1
Project("{FAE04EC0-301F-11D3-BF4B-00C04F79EFBC}") = "WebAppDockerAssignment", "WebAppDockerAssignment\WebAppDockerAssignment.csproj", "{C6908971-1C87-471B-972E-E3C57EED9DD7}"
EndProject
Global
	GlobalSection(SolutionConfigurationPlatforms) = preSolution
		Debug|Any CPU = Debug|Any CPU
		Release|Any CPU = Release|Any CPU
	EndGlobalSection
	GlobalSection(ProjectConfigurationPlatforms) = postSolution
		{C6908971-1C87-471B-972E-E3C57EED9DD7}.Debug|Any CPU.ActiveCfg = Debug|Any CPU
		{C6908971-1C87-471B-972E-E3C57EED9DD7}.Debug|Any CPU.Build.0 = Debug|Any CPU
		{C6908971-1C87-471B-972E-E3C57EED9DD7}.Release|Any CPU.ActiveCfg = Release|Any CPU
		{C6908971-1C87-471B-972E-E3C57EED9DD7}.Release|Any CPU.Build.0 = Release|Any CPU
	EndGlobalSection
	GlobalSection(SolutionProperties) = preSolution
		HideSolutionNode = FALSE
	EndGlobalSection
	GlobalSection(ExtensibilityGlobals) = postSolution
		SolutionGuid = {679C2315-B056-45BB-8C4F-FDED3790D076}
	EndGlobalSection
EndGlobal
